// !$*UTF8*$!
{
	archiveVersion = 1;
	classes = {
	};
	objectVersion = 51;
	objects = {

/* Begin PBXBuildFile section */
		12CD3C81B7FDE827A7E6B204 /* Pods_TheMealTask_TheMealTaskUITests.framework in Frameworks */ = {isa = PBXBuildFile; fileRef = C8C4657419DADDB1746588C7 /* Pods_TheMealTask_TheMealTaskUITests.framework */; };
		722895A42384B42E00E52847 /* AppDelegate.swift in Sources */ = {isa = PBXBuildFile; fileRef = 722895A32384B42E00E52847 /* AppDelegate.swift */; };
		722895A62384B42E00E52847 /* RecipesListViewController.swift in Sources */ = {isa = PBXBuildFile; fileRef = 722895A52384B42E00E52847 /* RecipesListViewController.swift */; };
		722895A92384B42E00E52847 /* Main.storyboard in Resources */ = {isa = PBXBuildFile; fileRef = 722895A72384B42E00E52847 /* Main.storyboard */; };
		722895AB2384B43300E52847 /* Assets.xcassets in Resources */ = {isa = PBXBuildFile; fileRef = 722895AA2384B43300E52847 /* Assets.xcassets */; };
		722895AE2384B43300E52847 /* LaunchScreen.storyboard in Resources */ = {isa = PBXBuildFile; fileRef = 722895AC2384B43300E52847 /* LaunchScreen.storyboard */; };
		722895B92384B43300E52847 /* TheMealTaskTests.swift in Sources */ = {isa = PBXBuildFile; fileRef = 722895B82384B43300E52847 /* TheMealTaskTests.swift */; };
		722895C42384B43300E52847 /* TheMealTaskUITests.swift in Sources */ = {isa = PBXBuildFile; fileRef = 722895C32384B43300E52847 /* TheMealTaskUITests.swift */; };
		7E40176F238B3EC3002FE19D /* UIViewExtension.swift in Sources */ = {isa = PBXBuildFile; fileRef = 7E40176E238B3EC3002FE19D /* UIViewExtension.swift */; };
		7E401774238BFDDF002FE19D /* RecipeDetailsImageTableViewCell.swift in Sources */ = {isa = PBXBuildFile; fileRef = 7E401772238BFDDF002FE19D /* RecipeDetailsImageTableViewCell.swift */; };
		7E401775238BFDDF002FE19D /* RecipeDetailsImageTableViewCell.xib in Resources */ = {isa = PBXBuildFile; fileRef = 7E401773238BFDDF002FE19D /* RecipeDetailsImageTableViewCell.xib */; };
		7E401778238C0192002FE19D /* RecipeDetailsInstructionsTableViewCell.swift in Sources */ = {isa = PBXBuildFile; fileRef = 7E401776238C0192002FE19D /* RecipeDetailsInstructionsTableViewCell.swift */; };
		7E401779238C0192002FE19D /* RecipeDetailsInstructionsTableViewCell.xib in Resources */ = {isa = PBXBuildFile; fileRef = 7E401777238C0192002FE19D /* RecipeDetailsInstructionsTableViewCell.xib */; };
		7E40177D238C0E7D002FE19D /* RecipesDetailsViewController.swift in Sources */ = {isa = PBXBuildFile; fileRef = 7E40177C238C0E7D002FE19D /* RecipesDetailsViewController.swift */; };
		7E978B0A238AF33900D42A0A /* RecipesCollectionViewDataHandler.swift in Sources */ = {isa = PBXBuildFile; fileRef = 7E978B09238AF33900D42A0A /* RecipesCollectionViewDataHandler.swift */; };
		7E978B0D238AF73F00D42A0A /* RecipeCollectionViewCell.swift in Sources */ = {isa = PBXBuildFile; fileRef = 7E978B0B238AF73F00D42A0A /* RecipeCollectionViewCell.swift */; };
		7E978B0E238AF73F00D42A0A /* RecipeCollectionViewCell.xib in Resources */ = {isa = PBXBuildFile; fileRef = 7E978B0C238AF73F00D42A0A /* RecipeCollectionViewCell.xib */; };
		7E9DB3B9238A9B92005E6FDA /* MealEndPoint.swift in Sources */ = {isa = PBXBuildFile; fileRef = 7E9DB3B8238A9B92005E6FDA /* MealEndPoint.swift */; };
		7E9DB3BB238AA43B005E6FDA /* MoyaProviderExtension.swift in Sources */ = {isa = PBXBuildFile; fileRef = 7E9DB3BA238AA43B005E6FDA /* MoyaProviderExtension.swift */; };
		7E9DB3BD238AA60C005E6FDA /* MealsRepo.swift in Sources */ = {isa = PBXBuildFile; fileRef = 7E9DB3BC238AA60C005E6FDA /* MealsRepo.swift */; };
		7E9DB3C0238AA628005E6FDA /* APIManager.swift in Sources */ = {isa = PBXBuildFile; fileRef = 7E9DB3BF238AA628005E6FDA /* APIManager.swift */; };
		7E9DB3C6238AAAD8005E6FDA /* MealsListResponse.swift in Sources */ = {isa = PBXBuildFile; fileRef = 7E9DB3C5238AAAD8005E6FDA /* MealsListResponse.swift */; };
		7E9DB3C9238ACF53005E6FDA /* EncodableExtenstion.swift in Sources */ = {isa = PBXBuildFile; fileRef = 7E9DB3C8238ACF53005E6FDA /* EncodableExtenstion.swift */; };
		7E9DB3CB238ACF7E005E6FDA /* CustomErrorHandler.swift in Sources */ = {isa = PBXBuildFile; fileRef = 7E9DB3CA238ACF7E005E6FDA /* CustomErrorHandler.swift */; };
		7EDE4A46238C1E7E0075B4F4 /* RecipeDetailsIngradientTableViewCell.swift in Sources */ = {isa = PBXBuildFile; fileRef = 7EDE4A44238C1E7E0075B4F4 /* RecipeDetailsIngradientTableViewCell.swift */; };
		7EDE4A47238C1E7E0075B4F4 /* RecipeDetailsIngradientTableViewCell.xib in Resources */ = {isa = PBXBuildFile; fileRef = 7EDE4A45238C1E7E0075B4F4 /* RecipeDetailsIngradientTableViewCell.xib */; };
		AB188E281B666F3BBFE09EF3 /* Pods_TheMealTaskTests.framework in Frameworks */ = {isa = PBXBuildFile; fileRef = AF4343C9F9632C9ABEE1A9C9 /* Pods_TheMealTaskTests.framework */; };
		C6809CFF80AC4F97F4151BE7 /* Pods_TheMealTask.framework in Frameworks */ = {isa = PBXBuildFile; fileRef = 5A766BFFEB240C92EB7F39A7 /* Pods_TheMealTask.framework */; };
/* End PBXBuildFile section */

/* Begin PBXContainerItemProxy section */
		722895B52384B43300E52847 /* PBXContainerItemProxy */ = {
			isa = PBXContainerItemProxy;
			containerPortal = 722895982384B42E00E52847 /* Project object */;
			proxyType = 1;
			remoteGlobalIDString = 7228959F2384B42E00E52847;
			remoteInfo = TheMealTask;
		};
		722895C02384B43300E52847 /* PBXContainerItemProxy */ = {
			isa = PBXContainerItemProxy;
			containerPortal = 722895982384B42E00E52847 /* Project object */;
			proxyType = 1;
			remoteGlobalIDString = 7228959F2384B42E00E52847;
			remoteInfo = TheMealTask;
		};
/* End PBXContainerItemProxy section */

/* Begin PBXFileReference section */
		04E1E8A387F81E49E17E0536 /* Pods-TheMealTaskTests.release.xcconfig */ = {isa = PBXFileReference; includeInIndex = 1; lastKnownFileType = text.xcconfig; name = "Pods-TheMealTaskTests.release.xcconfig"; path = "Target Support Files/Pods-TheMealTaskTests/Pods-TheMealTaskTests.release.xcconfig"; sourceTree = "<group>"; };
		2569206B643B4F6656C50159 /* Pods-TheMealTask.release.xcconfig */ = {isa = PBXFileReference; includeInIndex = 1; lastKnownFileType = text.xcconfig; name = "Pods-TheMealTask.release.xcconfig"; path = "Target Support Files/Pods-TheMealTask/Pods-TheMealTask.release.xcconfig"; sourceTree = "<group>"; };
		542F168DEEF74108385423B0 /* Pods-TheMealTask-TheMealTaskUITests.release.xcconfig */ = {isa = PBXFileReference; includeInIndex = 1; lastKnownFileType = text.xcconfig; name = "Pods-TheMealTask-TheMealTaskUITests.release.xcconfig"; path = "Target Support Files/Pods-TheMealTask-TheMealTaskUITests/Pods-TheMealTask-TheMealTaskUITests.release.xcconfig"; sourceTree = "<group>"; };
		5A766BFFEB240C92EB7F39A7 /* Pods_TheMealTask.framework */ = {isa = PBXFileReference; explicitFileType = wrapper.framework; includeInIndex = 0; path = Pods_TheMealTask.framework; sourceTree = BUILT_PRODUCTS_DIR; };
		7143042BA03E7C6E1D8B6634 /* Pods-TheMealTask.debug.xcconfig */ = {isa = PBXFileReference; includeInIndex = 1; lastKnownFileType = text.xcconfig; name = "Pods-TheMealTask.debug.xcconfig"; path = "Target Support Files/Pods-TheMealTask/Pods-TheMealTask.debug.xcconfig"; sourceTree = "<group>"; };
		722895A02384B42E00E52847 /* TheMealTask.app */ = {isa = PBXFileReference; explicitFileType = wrapper.application; includeInIndex = 0; path = TheMealTask.app; sourceTree = BUILT_PRODUCTS_DIR; };
		722895A32384B42E00E52847 /* AppDelegate.swift */ = {isa = PBXFileReference; lastKnownFileType = sourcecode.swift; path = AppDelegate.swift; sourceTree = "<group>"; };
		722895A52384B42E00E52847 /* RecipesListViewController.swift */ = {isa = PBXFileReference; lastKnownFileType = sourcecode.swift; path = RecipesListViewController.swift; sourceTree = "<group>"; };
		722895A82384B42E00E52847 /* Base */ = {isa = PBXFileReference; lastKnownFileType = file.storyboard; name = Base; path = Base.lproj/Main.storyboard; sourceTree = "<group>"; };
		722895AA2384B43300E52847 /* Assets.xcassets */ = {isa = PBXFileReference; lastKnownFileType = folder.assetcatalog; path = Assets.xcassets; sourceTree = "<group>"; };
		722895AD2384B43300E52847 /* Base */ = {isa = PBXFileReference; lastKnownFileType = file.storyboard; name = Base; path = Base.lproj/LaunchScreen.storyboard; sourceTree = "<group>"; };
		722895AF2384B43300E52847 /* Info.plist */ = {isa = PBXFileReference; lastKnownFileType = text.plist.xml; path = Info.plist; sourceTree = "<group>"; };
		722895B42384B43300E52847 /* TheMealTaskTests.xctest */ = {isa = PBXFileReference; explicitFileType = wrapper.cfbundle; includeInIndex = 0; path = TheMealTaskTests.xctest; sourceTree = BUILT_PRODUCTS_DIR; };
		722895B82384B43300E52847 /* TheMealTaskTests.swift */ = {isa = PBXFileReference; lastKnownFileType = sourcecode.swift; path = TheMealTaskTests.swift; sourceTree = "<group>"; };
		722895BA2384B43300E52847 /* Info.plist */ = {isa = PBXFileReference; lastKnownFileType = text.plist.xml; path = Info.plist; sourceTree = "<group>"; };
		722895BF2384B43300E52847 /* TheMealTaskUITests.xctest */ = {isa = PBXFileReference; explicitFileType = wrapper.cfbundle; includeInIndex = 0; path = TheMealTaskUITests.xctest; sourceTree = BUILT_PRODUCTS_DIR; };
		722895C32384B43300E52847 /* TheMealTaskUITests.swift */ = {isa = PBXFileReference; lastKnownFileType = sourcecode.swift; path = TheMealTaskUITests.swift; sourceTree = "<group>"; };
		722895C52384B43300E52847 /* Info.plist */ = {isa = PBXFileReference; lastKnownFileType = text.plist.xml; path = Info.plist; sourceTree = "<group>"; };
		7E40176E238B3EC3002FE19D /* UIViewExtension.swift */ = {isa = PBXFileReference; lastKnownFileType = sourcecode.swift; path = UIViewExtension.swift; sourceTree = "<group>"; };
		7E401772238BFDDF002FE19D /* RecipeDetailsImageTableViewCell.swift */ = {isa = PBXFileReference; lastKnownFileType = sourcecode.swift; path = RecipeDetailsImageTableViewCell.swift; sourceTree = "<group>"; };
		7E401773238BFDDF002FE19D /* RecipeDetailsImageTableViewCell.xib */ = {isa = PBXFileReference; lastKnownFileType = file.xib; path = RecipeDetailsImageTableViewCell.xib; sourceTree = "<group>"; };
		7E401776238C0192002FE19D /* RecipeDetailsInstructionsTableViewCell.swift */ = {isa = PBXFileReference; lastKnownFileType = sourcecode.swift; path = RecipeDetailsInstructionsTableViewCell.swift; sourceTree = "<group>"; };
		7E401777238C0192002FE19D /* RecipeDetailsInstructionsTableViewCell.xib */ = {isa = PBXFileReference; lastKnownFileType = file.xib; path = RecipeDetailsInstructionsTableViewCell.xib; sourceTree = "<group>"; };
		7E40177C238C0E7D002FE19D /* RecipesDetailsViewController.swift */ = {isa = PBXFileReference; lastKnownFileType = sourcecode.swift; path = RecipesDetailsViewController.swift; sourceTree = "<group>"; };
		7E978B09238AF33900D42A0A /* RecipesCollectionViewDataHandler.swift */ = {isa = PBXFileReference; lastKnownFileType = sourcecode.swift; path = RecipesCollectionViewDataHandler.swift; sourceTree = "<group>"; };
		7E978B0B238AF73F00D42A0A /* RecipeCollectionViewCell.swift */ = {isa = PBXFileReference; lastKnownFileType = sourcecode.swift; path = RecipeCollectionViewCell.swift; sourceTree = "<group>"; };
		7E978B0C238AF73F00D42A0A /* RecipeCollectionViewCell.xib */ = {isa = PBXFileReference; lastKnownFileType = file.xib; path = RecipeCollectionViewCell.xib; sourceTree = "<group>"; };
		7E9DB3B8238A9B92005E6FDA /* MealEndPoint.swift */ = {isa = PBXFileReference; lastKnownFileType = sourcecode.swift; path = MealEndPoint.swift; sourceTree = "<group>"; };
		7E9DB3BA238AA43B005E6FDA /* MoyaProviderExtension.swift */ = {isa = PBXFileReference; lastKnownFileType = sourcecode.swift; path = MoyaProviderExtension.swift; sourceTree = "<group>"; };
		7E9DB3BC238AA60C005E6FDA /* MealsRepo.swift */ = {isa = PBXFileReference; lastKnownFileType = sourcecode.swift; path = MealsRepo.swift; sourceTree = "<group>"; };
		7E9DB3BF238AA628005E6FDA /* APIManager.swift */ = {isa = PBXFileReference; lastKnownFileType = sourcecode.swift; path = APIManager.swift; sourceTree = "<group>"; };
		7E9DB3C5238AAAD8005E6FDA /* MealsListResponse.swift */ = {isa = PBXFileReference; lastKnownFileType = sourcecode.swift; path = MealsListResponse.swift; sourceTree = "<group>"; };
		7E9DB3C8238ACF53005E6FDA /* EncodableExtenstion.swift */ = {isa = PBXFileReference; lastKnownFileType = sourcecode.swift; path = EncodableExtenstion.swift; sourceTree = "<group>"; };
		7E9DB3CA238ACF7E005E6FDA /* CustomErrorHandler.swift */ = {isa = PBXFileReference; lastKnownFileType = sourcecode.swift; path = CustomErrorHandler.swift; sourceTree = "<group>"; };
		7EDE4A44238C1E7E0075B4F4 /* RecipeDetailsIngradientTableViewCell.swift */ = {isa = PBXFileReference; lastKnownFileType = sourcecode.swift; path = RecipeDetailsIngradientTableViewCell.swift; sourceTree = "<group>"; };
		7EDE4A45238C1E7E0075B4F4 /* RecipeDetailsIngradientTableViewCell.xib */ = {isa = PBXFileReference; lastKnownFileType = file.xib; path = RecipeDetailsIngradientTableViewCell.xib; sourceTree = "<group>"; };
		9BD2C1E7FE50720D59822607 /* Pods-TheMealTaskTests.debug.xcconfig */ = {isa = PBXFileReference; includeInIndex = 1; lastKnownFileType = text.xcconfig; name = "Pods-TheMealTaskTests.debug.xcconfig"; path = "Target Support Files/Pods-TheMealTaskTests/Pods-TheMealTaskTests.debug.xcconfig"; sourceTree = "<group>"; };
		AF4343C9F9632C9ABEE1A9C9 /* Pods_TheMealTaskTests.framework */ = {isa = PBXFileReference; explicitFileType = wrapper.framework; includeInIndex = 0; path = Pods_TheMealTaskTests.framework; sourceTree = BUILT_PRODUCTS_DIR; };
		B3584126C1EC45537C5A413A /* Pods-TheMealTask-TheMealTaskUITests.debug.xcconfig */ = {isa = PBXFileReference; includeInIndex = 1; lastKnownFileType = text.xcconfig; name = "Pods-TheMealTask-TheMealTaskUITests.debug.xcconfig"; path = "Target Support Files/Pods-TheMealTask-TheMealTaskUITests/Pods-TheMealTask-TheMealTaskUITests.debug.xcconfig"; sourceTree = "<group>"; };
		C8C4657419DADDB1746588C7 /* Pods_TheMealTask_TheMealTaskUITests.framework */ = {isa = PBXFileReference; explicitFileType = wrapper.framework; includeInIndex = 0; path = Pods_TheMealTask_TheMealTaskUITests.framework; sourceTree = BUILT_PRODUCTS_DIR; };
/* End PBXFileReference section */

/* Begin PBXFrameworksBuildPhase section */
		7228959D2384B42E00E52847 /* Frameworks */ = {
			isa = PBXFrameworksBuildPhase;
			buildActionMask = 2147483647;
			files = (
				C6809CFF80AC4F97F4151BE7 /* Pods_TheMealTask.framework in Frameworks */,
			);
			runOnlyForDeploymentPostprocessing = 0;
		};
		722895B12384B43300E52847 /* Frameworks */ = {
			isa = PBXFrameworksBuildPhase;
			buildActionMask = 2147483647;
			files = (
				AB188E281B666F3BBFE09EF3 /* Pods_TheMealTaskTests.framework in Frameworks */,
			);
			runOnlyForDeploymentPostprocessing = 0;
		};
		722895BC2384B43300E52847 /* Frameworks */ = {
			isa = PBXFrameworksBuildPhase;
			buildActionMask = 2147483647;
			files = (
				12CD3C81B7FDE827A7E6B204 /* Pods_TheMealTask_TheMealTaskUITests.framework in Frameworks */,
			);
			runOnlyForDeploymentPostprocessing = 0;
		};
/* End PBXFrameworksBuildPhase section */

/* Begin PBXGroup section */
		622BE2502EA26AE836C1B332 /* Frameworks */ = {
			isa = PBXGroup;
			children = (
				5A766BFFEB240C92EB7F39A7 /* Pods_TheMealTask.framework */,
				C8C4657419DADDB1746588C7 /* Pods_TheMealTask_TheMealTaskUITests.framework */,
				AF4343C9F9632C9ABEE1A9C9 /* Pods_TheMealTaskTests.framework */,
			);
			name = Frameworks;
			sourceTree = "<group>";
		};
		722895972384B42E00E52847 = {
			isa = PBXGroup;
			children = (
				722895A22384B42E00E52847 /* TheMealTask */,
				722895B72384B43300E52847 /* TheMealTaskTests */,
				722895C22384B43300E52847 /* TheMealTaskUITests */,
				722895A12384B42E00E52847 /* Products */,
				E24984681745410EE1AA1A24 /* Pods */,
				622BE2502EA26AE836C1B332 /* Frameworks */,
			);
			sourceTree = "<group>";
		};
		722895A12384B42E00E52847 /* Products */ = {
			isa = PBXGroup;
			children = (
				722895A02384B42E00E52847 /* TheMealTask.app */,
				722895B42384B43300E52847 /* TheMealTaskTests.xctest */,
				722895BF2384B43300E52847 /* TheMealTaskUITests.xctest */,
			);
			name = Products;
			sourceTree = "<group>";
		};
		722895A22384B42E00E52847 /* TheMealTask */ = {
			isa = PBXGroup;
			children = (
				7E9DB3AD2389A096005E6FDA /* Utilities */,
				7E9DB3A72386D766005E6FDA /* ViewControllers */,
				7E9DB3A92386D78D005E6FDA /* Models */,
				7E9DB3A82386D773005E6FDA /* UI */,
				7E9DB3A62386D747005E6FDA /* SupportingFiles  */,
				722895AF2384B43300E52847 /* Info.plist */,
			);
			path = TheMealTask;
			sourceTree = "<group>";
		};
		722895B72384B43300E52847 /* TheMealTaskTests */ = {
			isa = PBXGroup;
			children = (
				722895B82384B43300E52847 /* TheMealTaskTests.swift */,
				722895BA2384B43300E52847 /* Info.plist */,
			);
			path = TheMealTaskTests;
			sourceTree = "<group>";
		};
		722895C22384B43300E52847 /* TheMealTaskUITests */ = {
			isa = PBXGroup;
			children = (
				722895C32384B43300E52847 /* TheMealTaskUITests.swift */,
				722895C52384B43300E52847 /* Info.plist */,
			);
			path = TheMealTaskUITests;
			sourceTree = "<group>";
		};
		7E401770238BF1F1002FE19D /* Cells */ = {
			isa = PBXGroup;
			children = (
				7E978B0C238AF73F00D42A0A /* RecipeCollectionViewCell.xib */,
				7E401772238BFDDF002FE19D /* RecipeDetailsImageTableViewCell.swift */,
				7E401773238BFDDF002FE19D /* RecipeDetailsImageTableViewCell.xib */,
				7E401776238C0192002FE19D /* RecipeDetailsInstructionsTableViewCell.swift */,
				7E401777238C0192002FE19D /* RecipeDetailsInstructionsTableViewCell.xib */,
				7EDE4A44238C1E7E0075B4F4 /* RecipeDetailsIngradientTableViewCell.swift */,
				7EDE4A45238C1E7E0075B4F4 /* RecipeDetailsIngradientTableViewCell.xib */,
			);
			path = Cells;
			sourceTree = "<group>";
		};
		7E401771238BF1F7002FE19D /* Storyboards */ = {
			isa = PBXGroup;
			children = (
				722895A72384B42E00E52847 /* Main.storyboard */,
			);
			path = Storyboards;
			sourceTree = "<group>";
		};
		7E40177A238C0E5E002FE19D /* RecipesList */ = {
			isa = PBXGroup;
			children = (
				722895A52384B42E00E52847 /* RecipesListViewController.swift */,
				7E978B09238AF33900D42A0A /* RecipesCollectionViewDataHandler.swift */,
				7E978B0B238AF73F00D42A0A /* RecipeCollectionViewCell.swift */,
			);
			path = RecipesList;
			sourceTree = "<group>";
		};
		7E40177B238C0E6A002FE19D /* RecipesDetails */ = {
			isa = PBXGroup;
			children = (
				7E40177C238C0E7D002FE19D /* RecipesDetailsViewController.swift */,
			);
			path = RecipesDetails;
			sourceTree = "<group>";
		};
		7E9DB3A62386D747005E6FDA /* SupportingFiles  */ = {
			isa = PBXGroup;
			children = (
				722895AC2384B43300E52847 /* LaunchScreen.storyboard */,
				722895AA2384B43300E52847 /* Assets.xcassets */,
				722895A32384B42E00E52847 /* AppDelegate.swift */,
			);
			path = "SupportingFiles ";
			sourceTree = "<group>";
		};
		7E9DB3A72386D766005E6FDA /* ViewControllers */ = {
			isa = PBXGroup;
			children = (
				7E40177B238C0E6A002FE19D /* RecipesDetails */,
				7E40177A238C0E5E002FE19D /* RecipesList */,
			);
			path = ViewControllers;
			sourceTree = "<group>";
		};
		7E9DB3A82386D773005E6FDA /* UI */ = {
			isa = PBXGroup;
			children = (
				7E401771238BF1F7002FE19D /* Storyboards */,
				7E401770238BF1F1002FE19D /* Cells */,
			);
			path = UI;
			sourceTree = "<group>";
		};
		7E9DB3A92386D78D005E6FDA /* Models */ = {
			isa = PBXGroup;
			children = (
				7E9DB3BA238AA43B005E6FDA /* MoyaProviderExtension.swift */,
				7E9DB3AB2386D7A3005E6FDA /* DataModels */,
				7E9DB3AC2386D7AC005E6FDA /* LogicModels */,
			);
			path = Models;
			sourceTree = "<group>";
		};
		7E9DB3AB2386D7A3005E6FDA /* DataModels */ = {
			isa = PBXGroup;
			children = (
				7E9DB3B7238A9B5D005E6FDA /* MealEndPoints */,
				7E9DB3C5238AAAD8005E6FDA /* MealsListResponse.swift */,
			);
			path = DataModels;
			sourceTree = "<group>";
		};
		7E9DB3AC2386D7AC005E6FDA /* LogicModels */ = {
			isa = PBXGroup;
			children = (
				7E9DB3BC238AA60C005E6FDA /* MealsRepo.swift */,
			);
			path = LogicModels;
			sourceTree = "<group>";
		};
		7E9DB3AD2389A096005E6FDA /* Utilities */ = {
			isa = PBXGroup;
			children = (
				7E9DB3C7238ACF45005E6FDA /* Exenstions */,
				7E9DB3BE238AA613005E6FDA /* Managers */,
			);
			path = Utilities;
			sourceTree = "<group>";
		};
		7E9DB3B7238A9B5D005E6FDA /* MealEndPoints */ = {
			isa = PBXGroup;
			children = (
				7E9DB3B8238A9B92005E6FDA /* MealEndPoint.swift */,
			);
			path = MealEndPoints;
			sourceTree = "<group>";
		};
		7E9DB3BE238AA613005E6FDA /* Managers */ = {
			isa = PBXGroup;
			children = (
				7E9DB3BF238AA628005E6FDA /* APIManager.swift */,
				7E9DB3CA238ACF7E005E6FDA /* CustomErrorHandler.swift */,
			);
			path = Managers;
			sourceTree = "<group>";
		};
		7E9DB3C7238ACF45005E6FDA /* Exenstions */ = {
			isa = PBXGroup;
			children = (
				7E9DB3C8238ACF53005E6FDA /* EncodableExtenstion.swift */,
				7E40176E238B3EC3002FE19D /* UIViewExtension.swift */,
			);
			path = Exenstions;
			sourceTree = "<group>";
		};
		E24984681745410EE1AA1A24 /* Pods */ = {
			isa = PBXGroup;
			children = (
				7143042BA03E7C6E1D8B6634 /* Pods-TheMealTask.debug.xcconfig */,
				2569206B643B4F6656C50159 /* Pods-TheMealTask.release.xcconfig */,
				B3584126C1EC45537C5A413A /* Pods-TheMealTask-TheMealTaskUITests.debug.xcconfig */,
				542F168DEEF74108385423B0 /* Pods-TheMealTask-TheMealTaskUITests.release.xcconfig */,
				9BD2C1E7FE50720D59822607 /* Pods-TheMealTaskTests.debug.xcconfig */,
				04E1E8A387F81E49E17E0536 /* Pods-TheMealTaskTests.release.xcconfig */,
			);
			path = Pods;
			sourceTree = "<group>";
		};
/* End PBXGroup section */

/* Begin PBXNativeTarget section */
		7228959F2384B42E00E52847 /* TheMealTask */ = {
			isa = PBXNativeTarget;
			buildConfigurationList = 722895C82384B43300E52847 /* Build configuration list for PBXNativeTarget "TheMealTask" */;
			buildPhases = (
				6C2D905D632E1664885E3FAD /* [CP] Check Pods Manifest.lock */,
				7228959C2384B42E00E52847 /* Sources */,
				7228959D2384B42E00E52847 /* Frameworks */,
				7228959E2384B42E00E52847 /* Resources */,
				63C0299F861295F9CDC4A4F1 /* [CP] Embed Pods Frameworks */,
			);
			buildRules = (
			);
			dependencies = (
			);
			name = TheMealTask;
			productName = TheMealTask;
			productReference = 722895A02384B42E00E52847 /* TheMealTask.app */;
			productType = "com.apple.product-type.application";
		};
		722895B32384B43300E52847 /* TheMealTaskTests */ = {
			isa = PBXNativeTarget;
			buildConfigurationList = 722895CB2384B43300E52847 /* Build configuration list for PBXNativeTarget "TheMealTaskTests" */;
			buildPhases = (
				486C3D6321B70A6EEB4D61B9 /* [CP] Check Pods Manifest.lock */,
				722895B02384B43300E52847 /* Sources */,
				722895B12384B43300E52847 /* Frameworks */,
				722895B22384B43300E52847 /* Resources */,
			);
			buildRules = (
			);
			dependencies = (
				722895B62384B43300E52847 /* PBXTargetDependency */,
			);
			name = TheMealTaskTests;
			productName = TheMealTaskTests;
			productReference = 722895B42384B43300E52847 /* TheMealTaskTests.xctest */;
			productType = "com.apple.product-type.bundle.unit-test";
		};
		722895BE2384B43300E52847 /* TheMealTaskUITests */ = {
			isa = PBXNativeTarget;
			buildConfigurationList = 722895CE2384B43300E52847 /* Build configuration list for PBXNativeTarget "TheMealTaskUITests" */;
			buildPhases = (
				2553F28F7AD3E42BFD324C1C /* [CP] Check Pods Manifest.lock */,
				722895BB2384B43300E52847 /* Sources */,
				722895BC2384B43300E52847 /* Frameworks */,
				722895BD2384B43300E52847 /* Resources */,
				6B486A39A9AEB69D899096F0 /* [CP] Embed Pods Frameworks */,
			);
			buildRules = (
			);
			dependencies = (
				722895C12384B43300E52847 /* PBXTargetDependency */,
			);
			name = TheMealTaskUITests;
			productName = TheMealTaskUITests;
			productReference = 722895BF2384B43300E52847 /* TheMealTaskUITests.xctest */;
			productType = "com.apple.product-type.bundle.ui-testing";
		};
/* End PBXNativeTarget section */

/* Begin PBXProject section */
		722895982384B42E00E52847 /* Project object */ = {
			isa = PBXProject;
			attributes = {
				LastSwiftUpdateCheck = 1020;
				LastUpgradeCheck = 1020;
				ORGANIZATIONNAME = AsmaaElaraby;
				TargetAttributes = {
					7228959F2384B42E00E52847 = {
						CreatedOnToolsVersion = 10.2;
					};
					722895B32384B43300E52847 = {
						CreatedOnToolsVersion = 10.2;
						TestTargetID = 7228959F2384B42E00E52847;
					};
					722895BE2384B43300E52847 = {
						CreatedOnToolsVersion = 10.2;
						TestTargetID = 7228959F2384B42E00E52847;
					};
				};
			};
			buildConfigurationList = 7228959B2384B42E00E52847 /* Build configuration list for PBXProject "TheMealTask" */;
			compatibilityVersion = "Xcode 9.3";
			developmentRegion = en;
			hasScannedForEncodings = 0;
			knownRegions = (
				en,
				Base,
			);
			mainGroup = 722895972384B42E00E52847;
			productRefGroup = 722895A12384B42E00E52847 /* Products */;
			projectDirPath = "";
			projectRoot = "";
			targets = (
				7228959F2384B42E00E52847 /* TheMealTask */,
				722895B32384B43300E52847 /* TheMealTaskTests */,
				722895BE2384B43300E52847 /* TheMealTaskUITests */,
			);
		};
/* End PBXProject section */

/* Begin PBXResourcesBuildPhase section */
		7228959E2384B42E00E52847 /* Resources */ = {
			isa = PBXResourcesBuildPhase;
			buildActionMask = 2147483647;
			files = (
				7E978B0E238AF73F00D42A0A /* RecipeCollectionViewCell.xib in Resources */,
				7E401779238C0192002FE19D /* RecipeDetailsInstructionsTableViewCell.xib in Resources */,
				7EDE4A47238C1E7E0075B4F4 /* RecipeDetailsIngradientTableViewCell.xib in Resources */,
				722895AE2384B43300E52847 /* LaunchScreen.storyboard in Resources */,
				722895AB2384B43300E52847 /* Assets.xcassets in Resources */,
				722895A92384B42E00E52847 /* Main.storyboard in Resources */,
				7E401775238BFDDF002FE19D /* RecipeDetailsImageTableViewCell.xib in Resources */,
			);
			runOnlyForDeploymentPostprocessing = 0;
		};
		722895B22384B43300E52847 /* Resources */ = {
			isa = PBXResourcesBuildPhase;
			buildActionMask = 2147483647;
			files = (
			);
			runOnlyForDeploymentPostprocessing = 0;
		};
		722895BD2384B43300E52847 /* Resources */ = {
			isa = PBXResourcesBuildPhase;
			buildActionMask = 2147483647;
			files = (
			);
			runOnlyForDeploymentPostprocessing = 0;
		};
/* End PBXResourcesBuildPhase section */

/* Begin PBXShellScriptBuildPhase section */
		2553F28F7AD3E42BFD324C1C /* [CP] Check Pods Manifest.lock */ = {
			isa = PBXShellScriptBuildPhase;
			buildActionMask = 2147483647;
			files = (
			);
			inputFileListPaths = (
			);
			inputPaths = (
				"${PODS_PODFILE_DIR_PATH}/Podfile.lock",
				"${PODS_ROOT}/Manifest.lock",
			);
			name = "[CP] Check Pods Manifest.lock";
			outputFileListPaths = (
			);
			outputPaths = (
				"$(DERIVED_FILE_DIR)/Pods-TheMealTask-TheMealTaskUITests-checkManifestLockResult.txt",
			);
			runOnlyForDeploymentPostprocessing = 0;
			shellPath = /bin/sh;
			shellScript = "diff \"${PODS_PODFILE_DIR_PATH}/Podfile.lock\" \"${PODS_ROOT}/Manifest.lock\" > /dev/null\nif [ $? != 0 ] ; then\n    # print error to STDERR\n    echo \"error: The sandbox is not in sync with the Podfile.lock. Run 'pod install' or update your CocoaPods installation.\" >&2\n    exit 1\nfi\n# This output is used by Xcode 'outputs' to avoid re-running this script phase.\necho \"SUCCESS\" > \"${SCRIPT_OUTPUT_FILE_0}\"\n";
			showEnvVarsInLog = 0;
		};
		486C3D6321B70A6EEB4D61B9 /* [CP] Check Pods Manifest.lock */ = {
			isa = PBXShellScriptBuildPhase;
			buildActionMask = 2147483647;
			files = (
			);
			inputFileListPaths = (
			);
			inputPaths = (
				"${PODS_PODFILE_DIR_PATH}/Podfile.lock",
				"${PODS_ROOT}/Manifest.lock",
			);
			name = "[CP] Check Pods Manifest.lock";
			outputFileListPaths = (
			);
			outputPaths = (
				"$(DERIVED_FILE_DIR)/Pods-TheMealTaskTests-checkManifestLockResult.txt",
			);
			runOnlyForDeploymentPostprocessing = 0;
			shellPath = /bin/sh;
			shellScript = "diff \"${PODS_PODFILE_DIR_PATH}/Podfile.lock\" \"${PODS_ROOT}/Manifest.lock\" > /dev/null\nif [ $? != 0 ] ; then\n    # print error to STDERR\n    echo \"error: The sandbox is not in sync with the Podfile.lock. Run 'pod install' or update your CocoaPods installation.\" >&2\n    exit 1\nfi\n# This output is used by Xcode 'outputs' to avoid re-running this script phase.\necho \"SUCCESS\" > \"${SCRIPT_OUTPUT_FILE_0}\"\n";
			showEnvVarsInLog = 0;
		};
		63C0299F861295F9CDC4A4F1 /* [CP] Embed Pods Frameworks */ = {
			isa = PBXShellScriptBuildPhase;
			buildActionMask = 2147483647;
			files = (
			);
			inputFileListPaths = (
				"${PODS_ROOT}/Target Support Files/Pods-TheMealTask/Pods-TheMealTask-frameworks-${CONFIGURATION}-input-files.xcfilelist",
			);
			name = "[CP] Embed Pods Frameworks";
			outputFileListPaths = (
				"${PODS_ROOT}/Target Support Files/Pods-TheMealTask/Pods-TheMealTask-frameworks-${CONFIGURATION}-output-files.xcfilelist",
			);
			runOnlyForDeploymentPostprocessing = 0;
			shellPath = /bin/sh;
			shellScript = "\"${PODS_ROOT}/Target Support Files/Pods-TheMealTask/Pods-TheMealTask-frameworks.sh\"\n";
			showEnvVarsInLog = 0;
		};
		6B486A39A9AEB69D899096F0 /* [CP] Embed Pods Frameworks */ = {
			isa = PBXShellScriptBuildPhase;
			buildActionMask = 2147483647;
			files = (
			);
			inputFileListPaths = (
				"${PODS_ROOT}/Target Support Files/Pods-TheMealTask-TheMealTaskUITests/Pods-TheMealTask-TheMealTaskUITests-frameworks-${CONFIGURATION}-input-files.xcfilelist",
			);
			name = "[CP] Embed Pods Frameworks";
			outputFileListPaths = (
				"${PODS_ROOT}/Target Support Files/Pods-TheMealTask-TheMealTaskUITests/Pods-TheMealTask-TheMealTaskUITests-frameworks-${CONFIGURATION}-output-files.xcfilelist",
			);
			runOnlyForDeploymentPostprocessing = 0;
			shellPath = /bin/sh;
			shellScript = "\"${PODS_ROOT}/Target Support Files/Pods-TheMealTask-TheMealTaskUITests/Pods-TheMealTask-TheMealTaskUITests-frameworks.sh\"\n";
			showEnvVarsInLog = 0;
		};
		6C2D905D632E1664885E3FAD /* [CP] Check Pods Manifest.lock */ = {
			isa = PBXShellScriptBuildPhase;
			buildActionMask = 2147483647;
			files = (
			);
			inputFileListPaths = (
			);
			inputPaths = (
				"${PODS_PODFILE_DIR_PATH}/Podfile.lock",
				"${PODS_ROOT}/Manifest.lock",
			);
			name = "[CP] Check Pods Manifest.lock";
			outputFileListPaths = (
			);
			outputPaths = (
				"$(DERIVED_FILE_DIR)/Pods-TheMealTask-checkManifestLockResult.txt",
			);
			runOnlyForDeploymentPostprocessing = 0;
			shellPath = /bin/sh;
			shellScript = "diff \"${PODS_PODFILE_DIR_PATH}/Podfile.lock\" \"${PODS_ROOT}/Manifest.lock\" > /dev/null\nif [ $? != 0 ] ; then\n    # print error to STDERR\n    echo \"error: The sandbox is not in sync with the Podfile.lock. Run 'pod install' or update your CocoaPods installation.\" >&2\n    exit 1\nfi\n# This output is used by Xcode 'outputs' to avoid re-running this script phase.\necho \"SUCCESS\" > \"${SCRIPT_OUTPUT_FILE_0}\"\n";
			showEnvVarsInLog = 0;
		};
/* End PBXShellScriptBuildPhase section */

/* Begin PBXSourcesBuildPhase section */
		7228959C2384B42E00E52847 /* Sources */ = {
			isa = PBXSourcesBuildPhase;
			buildActionMask = 2147483647;
			files = (
				7E9DB3C6238AAAD8005E6FDA /* MealsListResponse.swift in Sources */,
				7E401778238C0192002FE19D /* RecipeDetailsInstructionsTableViewCell.swift in Sources */,
				7E9DB3C0238AA628005E6FDA /* APIManager.swift in Sources */,
				7E9DB3CB238ACF7E005E6FDA /* CustomErrorHandler.swift in Sources */,
				7E9DB3BB238AA43B005E6FDA /* MoyaProviderExtension.swift in Sources */,
				7E401774238BFDDF002FE19D /* RecipeDetailsImageTableViewCell.swift in Sources */,
				7E978B0D238AF73F00D42A0A /* RecipeCollectionViewCell.swift in Sources */,
				722895A62384B42E00E52847 /* RecipesListViewController.swift in Sources */,
				7E40176F238B3EC3002FE19D /* UIViewExtension.swift in Sources */,
				7E978B0A238AF33900D42A0A /* RecipesCollectionViewDataHandler.swift in Sources */,
				7E40177D238C0E7D002FE19D /* RecipesDetailsViewController.swift in Sources */,
				7EDE4A46238C1E7E0075B4F4 /* RecipeDetailsIngradientTableViewCell.swift in Sources */,
				722895A42384B42E00E52847 /* AppDelegate.swift in Sources */,
				7E9DB3B9238A9B92005E6FDA /* MealEndPoint.swift in Sources */,
				7E9DB3BD238AA60C005E6FDA /* MealsRepo.swift in Sources */,
				7E9DB3C9238ACF53005E6FDA /* EncodableExtenstion.swift in Sources */,
			);
			runOnlyForDeploymentPostprocessing = 0;
		};
		722895B02384B43300E52847 /* Sources */ = {
			isa = PBXSourcesBuildPhase;
			buildActionMask = 2147483647;
			files = (
				722895B92384B43300E52847 /* TheMealTaskTests.swift in Sources */,
			);
			runOnlyForDeploymentPostprocessing = 0;
		};
		722895BB2384B43300E52847 /* Sources */ = {
			isa = PBXSourcesBuildPhase;
			buildActionMask = 2147483647;
			files = (
				722895C42384B43300E52847 /* TheMealTaskUITests.swift in Sources */,
			);
			runOnlyForDeploymentPostprocessing = 0;
		};
/* End PBXSourcesBuildPhase section */

/* Begin PBXTargetDependency section */
		722895B62384B43300E52847 /* PBXTargetDependency */ = {
			isa = PBXTargetDependency;
			target = 7228959F2384B42E00E52847 /* TheMealTask */;
			targetProxy = 722895B52384B43300E52847 /* PBXContainerItemProxy */;
		};
		722895C12384B43300E52847 /* PBXTargetDependency */ = {
			isa = PBXTargetDependency;
			target = 7228959F2384B42E00E52847 /* TheMealTask */;
			targetProxy = 722895C02384B43300E52847 /* PBXContainerItemProxy */;
		};
/* End PBXTargetDependency section */

/* Begin PBXVariantGroup section */
		722895A72384B42E00E52847 /* Main.storyboard */ = {
			isa = PBXVariantGroup;
			children = (
				722895A82384B42E00E52847 /* Base */,
			);
			name = Main.storyboard;
			sourceTree = "<group>";
		};
		722895AC2384B43300E52847 /* LaunchScreen.storyboard */ = {
			isa = PBXVariantGroup;
			children = (
				722895AD2384B43300E52847 /* Base */,
			);
			name = LaunchScreen.storyboard;
			sourceTree = "<group>";
		};
/* End PBXVariantGroup section */

/* Begin XCBuildConfiguration section */
		722895C62384B43300E52847 /* Debug */ = {
			isa = XCBuildConfiguration;
			buildSettings = {
				ALWAYS_SEARCH_USER_PATHS = NO;
				CLANG_ANALYZER_NONNULL = YES;
				CLANG_ANALYZER_NUMBER_OBJECT_CONVERSION = YES_AGGRESSIVE;
				CLANG_CXX_LANGUAGE_STANDARD = "gnu++14";
				CLANG_CXX_LIBRARY = "libc++";
				CLANG_ENABLE_MODULES = YES;
				CLANG_ENABLE_OBJC_ARC = YES;
				CLANG_ENABLE_OBJC_WEAK = YES;
				CLANG_WARN_BLOCK_CAPTURE_AUTORELEASING = YES;
				CLANG_WARN_BOOL_CONVERSION = YES;
				CLANG_WARN_COMMA = YES;
				CLANG_WARN_CONSTANT_CONVERSION = YES;
				CLANG_WARN_DEPRECATED_OBJC_IMPLEMENTATIONS = YES;
				CLANG_WARN_DIRECT_OBJC_ISA_USAGE = YES_ERROR;
				CLANG_WARN_DOCUMENTATION_COMMENTS = YES;
				CLANG_WARN_EMPTY_BODY = YES;
				CLANG_WARN_ENUM_CONVERSION = YES;
				CLANG_WARN_INFINITE_RECURSION = YES;
				CLANG_WARN_INT_CONVERSION = YES;
				CLANG_WARN_NON_LITERAL_NULL_CONVERSION = YES;
				CLANG_WARN_OBJC_IMPLICIT_RETAIN_SELF = YES;
				CLANG_WARN_OBJC_LITERAL_CONVERSION = YES;
				CLANG_WARN_OBJC_ROOT_CLASS = YES_ERROR;
				CLANG_WARN_RANGE_LOOP_ANALYSIS = YES;
				CLANG_WARN_STRICT_PROTOTYPES = YES;
				CLANG_WARN_SUSPICIOUS_MOVE = YES;
				CLANG_WARN_UNGUARDED_AVAILABILITY = YES_AGGRESSIVE;
				CLANG_WARN_UNREACHABLE_CODE = YES;
				CLANG_WARN__DUPLICATE_METHOD_MATCH = YES;
				CODE_SIGN_IDENTITY = "iPhone Developer";
				COPY_PHASE_STRIP = NO;
				DEBUG_INFORMATION_FORMAT = dwarf;
				ENABLE_STRICT_OBJC_MSGSEND = YES;
				ENABLE_TESTABILITY = YES;
				GCC_C_LANGUAGE_STANDARD = gnu11;
				GCC_DYNAMIC_NO_PIC = NO;
				GCC_NO_COMMON_BLOCKS = YES;
				GCC_OPTIMIZATION_LEVEL = 0;
				GCC_PREPROCESSOR_DEFINITIONS = (
					"DEBUG=1",
					"$(inherited)",
				);
				GCC_WARN_64_TO_32_BIT_CONVERSION = YES;
				GCC_WARN_ABOUT_RETURN_TYPE = YES_ERROR;
				GCC_WARN_UNDECLARED_SELECTOR = YES;
				GCC_WARN_UNINITIALIZED_AUTOS = YES_AGGRESSIVE;
				GCC_WARN_UNUSED_FUNCTION = YES;
				GCC_WARN_UNUSED_VARIABLE = YES;
				IPHONEOS_DEPLOYMENT_TARGET = 12.2;
				MTL_ENABLE_DEBUG_INFO = INCLUDE_SOURCE;
				MTL_FAST_MATH = YES;
				ONLY_ACTIVE_ARCH = YES;
				SDKROOT = iphoneos;
				SWIFT_ACTIVE_COMPILATION_CONDITIONS = DEBUG;
				SWIFT_OPTIMIZATION_LEVEL = "-Onone";
			};
			name = Debug;
		};
		722895C72384B43300E52847 /* Release */ = {
			isa = XCBuildConfiguration;
			buildSettings = {
				ALWAYS_SEARCH_USER_PATHS = NO;
				CLANG_ANALYZER_NONNULL = YES;
				CLANG_ANALYZER_NUMBER_OBJECT_CONVERSION = YES_AGGRESSIVE;
				CLANG_CXX_LANGUAGE_STANDARD = "gnu++14";
				CLANG_CXX_LIBRARY = "libc++";
				CLANG_ENABLE_MODULES = YES;
				CLANG_ENABLE_OBJC_ARC = YES;
				CLANG_ENABLE_OBJC_WEAK = YES;
				CLANG_WARN_BLOCK_CAPTURE_AUTORELEASING = YES;
				CLANG_WARN_BOOL_CONVERSION = YES;
				CLANG_WARN_COMMA = YES;
				CLANG_WARN_CONSTANT_CONVERSION = YES;
				CLANG_WARN_DEPRECATED_OBJC_IMPLEMENTATIONS = YES;
				CLANG_WARN_DIRECT_OBJC_ISA_USAGE = YES_ERROR;
				CLANG_WARN_DOCUMENTATION_COMMENTS = YES;
				CLANG_WARN_EMPTY_BODY = YES;
				CLANG_WARN_ENUM_CONVERSION = YES;
				CLANG_WARN_INFINITE_RECURSION = YES;
				CLANG_WARN_INT_CONVERSION = YES;
				CLANG_WARN_NON_LITERAL_NULL_CONVERSION = YES;
				CLANG_WARN_OBJC_IMPLICIT_RETAIN_SELF = YES;
				CLANG_WARN_OBJC_LITERAL_CONVERSION = YES;
				CLANG_WARN_OBJC_ROOT_CLASS = YES_ERROR;
				CLANG_WARN_RANGE_LOOP_ANALYSIS = YES;
				CLANG_WARN_STRICT_PROTOTYPES = YES;
				CLANG_WARN_SUSPICIOUS_MOVE = YES;
				CLANG_WARN_UNGUARDED_AVAILABILITY = YES_AGGRESSIVE;
				CLANG_WARN_UNREACHABLE_CODE = YES;
				CLANG_WARN__DUPLICATE_METHOD_MATCH = YES;
				CODE_SIGN_IDENTITY = "iPhone Developer";
				COPY_PHASE_STRIP = NO;
				DEBUG_INFORMATION_FORMAT = "dwarf-with-dsym";
				ENABLE_NS_ASSERTIONS = NO;
				ENABLE_STRICT_OBJC_MSGSEND = YES;
				GCC_C_LANGUAGE_STANDARD = gnu11;
				GCC_NO_COMMON_BLOCKS = YES;
				GCC_WARN_64_TO_32_BIT_CONVERSION = YES;
				GCC_WARN_ABOUT_RETURN_TYPE = YES_ERROR;
				GCC_WARN_UNDECLARED_SELECTOR = YES;
				GCC_WARN_UNINITIALIZED_AUTOS = YES_AGGRESSIVE;
				GCC_WARN_UNUSED_FUNCTION = YES;
				GCC_WARN_UNUSED_VARIABLE = YES;
				IPHONEOS_DEPLOYMENT_TARGET = 12.2;
				MTL_ENABLE_DEBUG_INFO = NO;
				MTL_FAST_MATH = YES;
				SDKROOT = iphoneos;
				SWIFT_COMPILATION_MODE = wholemodule;
				SWIFT_OPTIMIZATION_LEVEL = "-O";
				VALIDATE_PRODUCT = YES;
			};
			name = Release;
		};
		722895C92384B43300E52847 /* Debug */ = {
			isa = XCBuildConfiguration;
			baseConfigurationReference = 7143042BA03E7C6E1D8B6634 /* Pods-TheMealTask.debug.xcconfig */;
			buildSettings = {
				ASSETCATALOG_COMPILER_APPICON_NAME = AppIcon;
				CODE_SIGN_STYLE = Automatic;
				DEVELOPMENT_TEAM = W7P7NX35A5;
				INFOPLIST_FILE = TheMealTask/Info.plist;
				LD_RUNPATH_SEARCH_PATHS = (
					"$(inherited)",
					"@executable_path/Frameworks",
				);
				PRODUCT_BUNDLE_IDENTIFIER = com.iOS.TheMealTask;
				PRODUCT_NAME = "$(TARGET_NAME)";
				SWIFT_VERSION = 5.0;
				TARGETED_DEVICE_FAMILY = "1,2";
			};
			name = Debug;
		};
		722895CA2384B43300E52847 /* Release */ = {
			isa = XCBuildConfiguration;
			baseConfigurationReference = 2569206B643B4F6656C50159 /* Pods-TheMealTask.release.xcconfig */;
			buildSettings = {
				ASSETCATALOG_COMPILER_APPICON_NAME = AppIcon;
				CODE_SIGN_STYLE = Automatic;
				DEVELOPMENT_TEAM = W7P7NX35A5;
				INFOPLIST_FILE = TheMealTask/Info.plist;
				LD_RUNPATH_SEARCH_PATHS = (
					"$(inherited)",
					"@executable_path/Frameworks",
				);
				PRODUCT_BUNDLE_IDENTIFIER = com.iOS.TheMealTask;
				PRODUCT_NAME = "$(TARGET_NAME)";
				SWIFT_VERSION = 5.0;
				TARGETED_DEVICE_FAMILY = "1,2";
			};
			name = Release;
		};
		722895CC2384B43300E52847 /* Debug */ = {
			isa = XCBuildConfiguration;
			baseConfigurationReference = 9BD2C1E7FE50720D59822607 /* Pods-TheMealTaskTests.debug.xcconfig */;
			buildSettings = {
				ALWAYS_EMBED_SWIFT_STANDARD_LIBRARIES = YES;
				BUNDLE_LOADER = "$(TEST_HOST)";
				CODE_SIGN_STYLE = Automatic;
				DEVELOPMENT_TEAM = W7P7NX35A5;
				INFOPLIST_FILE = TheMealTaskTests/Info.plist;
				LD_RUNPATH_SEARCH_PATHS = (
					"$(inherited)",
					"@executable_path/Frameworks",
					"@loader_path/Frameworks",
				);
				PRODUCT_BUNDLE_IDENTIFIER = com.iOS.TheMealTaskTests;
				PRODUCT_NAME = "$(TARGET_NAME)";
				SWIFT_VERSION = 5.0;
				TARGETED_DEVICE_FAMILY = "1,2";
				TEST_HOST = "$(BUILT_PRODUCTS_DIR)/TheMealTask.app/TheMealTask";
			};
			name = Debug;
		};
		722895CD2384B43300E52847 /* Release */ = {
			isa = XCBuildConfiguration;
			baseConfigurationReference = 04E1E8A387F81E49E17E0536 /* Pods-TheMealTaskTests.release.xcconfig */;
			buildSettings = {
				ALWAYS_EMBED_SWIFT_STANDARD_LIBRARIES = YES;
				BUNDLE_LOADER = "$(TEST_HOST)";
				CODE_SIGN_STYLE = Automatic;
				DEVELOPMENT_TEAM = W7P7NX35A5;
				INFOPLIST_FILE = TheMealTaskTests/Info.plist;
				LD_RUNPATH_SEARCH_PATHS = (
					"$(inherited)",
					"@executable_path/Frameworks",
					"@loader_path/Frameworks",
				);
				PRODUCT_BUNDLE_IDENTIFIER = com.iOS.TheMealTaskTests;
				PRODUCT_NAME = "$(TARGET_NAME)";
				SWIFT_VERSION = 5.0;
				TARGETED_DEVICE_FAMILY = "1,2";
				TEST_HOST = "$(BUILT_PRODUCTS_DIR)/TheMealTask.app/TheMealTask";
			};
			name = Release;
		};
		722895CF2384B43300E52847 /* Debug */ = {
			isa = XCBuildConfiguration;
			baseConfigurationReference = B3584126C1EC45537C5A413A /* Pods-TheMealTask-TheMealTaskUITests.debug.xcconfig */;
			buildSettings = {
				ALWAYS_EMBED_SWIFT_STANDARD_LIBRARIES = YES;
				CODE_SIGN_STYLE = Automatic;
				DEVELOPMENT_TEAM = W7P7NX35A5;
				INFOPLIST_FILE = TheMealTaskUITests/Info.plist;
				LD_RUNPATH_SEARCH_PATHS = (
					"$(inherited)",
					"@executable_path/Frameworks",
					"@loader_path/Frameworks",
				);
				PRODUCT_BUNDLE_IDENTIFIER = com.iOS.TheMealTaskUITests;
				PRODUCT_NAME = "$(TARGET_NAME)";
				SWIFT_VERSION = 5.0;
				TARGETED_DEVICE_FAMILY = "1,2";
				TEST_TARGET_NAME = TheMealTask;
			};
			name = Debug;
		};
		722895D02384B43300E52847 /* Release */ = {
			isa = XCBuildConfiguration;
			baseConfigurationReference = 542F168DEEF74108385423B0 /* Pods-TheMealTask-TheMealTaskUITests.release.xcconfig */;
			buildSettings = {
				ALWAYS_EMBED_SWIFT_STANDARD_LIBRARIES = YES;
				CODE_SIGN_STYLE = Automatic;
				DEVELOPMENT_TEAM = W7P7NX35A5;
				INFOPLIST_FILE = TheMealTaskUITests/Info.plist;
				LD_RUNPATH_SEARCH_PATHS = (
					"$(inherited)",
					"@executable_path/Frameworks",
					"@loader_path/Frameworks",
				);
				PRODUCT_BUNDLE_IDENTIFIER = com.iOS.TheMealTaskUITests;
				PRODUCT_NAME = "$(TARGET_NAME)";
				SWIFT_VERSION = 5.0;
				TARGETED_DEVICE_FAMILY = "1,2";
				TEST_TARGET_NAME = TheMealTask;
			};
			name = Release;
		};
/* End XCBuildConfiguration section */

/* Begin XCConfigurationList section */
		7228959B2384B42E00E52847 /* Build configuration list for PBXProject "TheMealTask" */ = {
			isa = XCConfigurationList;
			buildConfigurations = (
				722895C62384B43300E52847 /* Debug */,
				722895C72384B43300E52847 /* Release */,
			);
			defaultConfigurationIsVisible = 0;
			defaultConfigurationName = Release;
		};
		722895C82384B43300E52847 /* Build configuration list for PBXNativeTarget "TheMealTask" */ = {
			isa = XCConfigurationList;
			buildConfigurations = (
				722895C92384B43300E52847 /* Debug */,
				722895CA2384B43300E52847 /* Release */,
			);
			defaultConfigurationIsVisible = 0;
			defaultConfigurationName = Release;
		};
		722895CB2384B43300E52847 /* Build configuration list for PBXNativeTarget "TheMealTaskTests" */ = {
			isa = XCConfigurationList;
			buildConfigurations = (
				722895CC2384B43300E52847 /* Debug */,
				722895CD2384B43300E52847 /* Release */,
			);
			defaultConfigurationIsVisible = 0;
			defaultConfigurationName = Release;
		};
		722895CE2384B43300E52847 /* Build configuration list for PBXNativeTarget "TheMealTaskUITests" */ = {
			isa = XCConfigurationList;
			buildConfigurations = (
				722895CF2384B43300E52847 /* Debug */,
				722895D02384B43300E52847 /* Release */,
			);
			defaultConfigurationIsVisible = 0;
			defaultConfigurationName = Release;
		};
/* End XCConfigurationList section */
	};
	rootObject = 722895982384B42E00E52847 /* Project object */;
}
